{
  "requires": true,
  "lockfileVersion": 1,
  "dependencies": {
    "kaleidoscopejs": {
      "version": "1.1.1",
      "resolved": "https://registry.npmjs.org/kaleidoscopejs/-/kaleidoscopejs-1.1.1.tgz",
      "integrity": "sha512-xjXR5eaFgVMfKIkR3b03QW8AS8XbH667x9AxNmeQt9uaalt24UnI30Wt/Y53HxNo7Z9PjHvmk+2beVi42NJ/Og==",
      "requires": {
        "threejs360": "^1.0.3"
      }
    },
    "threejs360": {
      "version": "1.0.3",
      "resolved": "https://registry.npmjs.org/threejs360/-/threejs360-1.0.3.tgz",
      "integrity": "sha1-s3kVeQSYp77117qkgtQ3uVDcwkw="
    }
  }
}
